// !$*UTF8*$!
{
	archiveVersion = 1;
	classes = {
	};
	objectVersion = 56;
	objects = {

/* Begin PBXBuildFile section */
		9EFE01632B00F75A00B450ED /* CryptoApp.swift in Sources */ = {isa = PBXBuildFile; fileRef = 9EFE01622B00F75A00B450ED /* CryptoApp.swift */; };
		9EFE01652B00F75A00B450ED /* ContentView.swift in Sources */ = {isa = PBXBuildFile; fileRef = 9EFE01642B00F75A00B450ED /* ContentView.swift */; };
		9EFE01672B00F75B00B450ED /* Assets.xcassets in Resources */ = {isa = PBXBuildFile; fileRef = 9EFE01662B00F75B00B450ED /* Assets.xcassets */; };
		9EFE016A2B00F75B00B450ED /* Preview Assets.xcassets in Resources */ = {isa = PBXBuildFile; fileRef = 9EFE01692B00F75B00B450ED /* Preview Assets.xcassets */; };
		9EFE01792B00F89800B450ED /* HomeView.swift in Sources */ = {isa = PBXBuildFile; fileRef = 9EFE01782B00F89800B450ED /* HomeView.swift */; };
		9EFE017C2B00F9A400B450ED /* TopMoversView.swift in Sources */ = {isa = PBXBuildFile; fileRef = 9EFE017B2B00F9A400B450ED /* TopMoversView.swift */; };
		9EFE017E2B00F9B700B450ED /* TopMoversItemView.swift in Sources */ = {isa = PBXBuildFile; fileRef = 9EFE017D2B00F9B700B450ED /* TopMoversItemView.swift */; };
		9EFE01802B0100BB00B450ED /* CoinsView.swift in Sources */ = {isa = PBXBuildFile; fileRef = 9EFE017F2B0100BB00B450ED /* CoinsView.swift */; };
		9EFE01822B0100C900B450ED /* CoinCellView.swift in Sources */ = {isa = PBXBuildFile; fileRef = 9EFE01812B0100C900B450ED /* CoinCellView.swift */; };
		9EFE01842B0112A100B450ED /* HomeViewModel.swift in Sources */ = {isa = PBXBuildFile; fileRef = 9EFE01832B0112A100B450ED /* HomeViewModel.swift */; };
/* End PBXBuildFile section */

/* Begin PBXFileReference section */
		9EFE015F2B00F75A00B450ED /* Crypto.app */ = {isa = PBXFileReference; explicitFileType = wrapper.application; includeInIndex = 0; path = Crypto.app; sourceTree = BUILT_PRODUCTS_DIR; };
		9EFE01622B00F75A00B450ED /* CryptoApp.swift */ = {isa = PBXFileReference; lastKnownFileType = sourcecode.swift; path = CryptoApp.swift; sourceTree = "<group>"; };
		9EFE01642B00F75A00B450ED /* ContentView.swift */ = {isa = PBXFileReference; lastKnownFileType = sourcecode.swift; path = ContentView.swift; sourceTree = "<group>"; };
		9EFE01662B00F75B00B450ED /* Assets.xcassets */ = {isa = PBXFileReference; lastKnownFileType = folder.assetcatalog; path = Assets.xcassets; sourceTree = "<group>"; };
		9EFE01692B00F75B00B450ED /* Preview Assets.xcassets */ = {isa = PBXFileReference; lastKnownFileType = folder.assetcatalog; path = "Preview Assets.xcassets"; sourceTree = "<group>"; };
		9EFE01782B00F89800B450ED /* HomeView.swift */ = {isa = PBXFileReference; lastKnownFileType = sourcecode.swift; path = HomeView.swift; sourceTree = "<group>"; };
		9EFE017B2B00F9A400B450ED /* TopMoversView.swift */ = {isa = PBXFileReference; lastKnownFileType = sourcecode.swift; path = TopMoversView.swift; sourceTree = "<group>"; };
		9EFE017D2B00F9B700B450ED /* TopMoversItemView.swift */ = {isa = PBXFileReference; lastKnownFileType = sourcecode.swift; path = TopMoversItemView.swift; sourceTree = "<group>"; };
		9EFE017F2B0100BB00B450ED /* CoinsView.swift */ = {isa = PBXFileReference; lastKnownFileType = sourcecode.swift; path = CoinsView.swift; sourceTree = "<group>"; };
		9EFE01812B0100C900B450ED /* CoinCellView.swift */ = {isa = PBXFileReference; lastKnownFileType = sourcecode.swift; path = CoinCellView.swift; sourceTree = "<group>"; };
		9EFE01832B0112A100B450ED /* HomeViewModel.swift */ = {isa = PBXFileReference; lastKnownFileType = sourcecode.swift; path = HomeViewModel.swift; sourceTree = "<group>"; };
/* End PBXFileReference section */

/* Begin PBXFrameworksBuildPhase section */
		9EFE015C2B00F75A00B450ED /* Frameworks */ = {
			isa = PBXFrameworksBuildPhase;
			buildActionMask = 2147483647;
			files = (
			);
			runOnlyForDeploymentPostprocessing = 0;
		};
/* End PBXFrameworksBuildPhase section */

/* Begin PBXGroup section */
		9EFE01562B00F75A00B450ED = {
			isa = PBXGroup;
			children = (
				9EFE01612B00F75A00B450ED /* Crypto */,
				9EFE01602B00F75A00B450ED /* Products */,
			);
			sourceTree = "<group>";
		};
		9EFE01602B00F75A00B450ED /* Products */ = {
			isa = PBXGroup;
			children = (
				9EFE015F2B00F75A00B450ED /* Crypto.app */,
			);
			name = Products;
			sourceTree = "<group>";
		};
		9EFE01612B00F75A00B450ED /* Crypto */ = {
			isa = PBXGroup;
			children = (
				9EFE01742B00F7E800B450ED /* Utils */,
				9EFE01732B00F7E500B450ED /* Extensions */,
				9EFE01722B00F7E400B450ED /* Models */,
				9EFE01712B00F7E200B450ED /* Core */,
				9EFE01702B00F7DF00B450ED /* App */,
				9EFE01642B00F75A00B450ED /* ContentView.swift */,
				9EFE01662B00F75B00B450ED /* Assets.xcassets */,
				9EFE01682B00F75B00B450ED /* Preview Content */,
			);
			path = Crypto;
			sourceTree = "<group>";
		};
		9EFE01682B00F75B00B450ED /* Preview Content */ = {
			isa = PBXGroup;
			children = (
				9EFE01692B00F75B00B450ED /* Preview Assets.xcassets */,
			);
			path = "Preview Content";
			sourceTree = "<group>";
		};
		9EFE01702B00F7DF00B450ED /* App */ = {
			isa = PBXGroup;
			children = (
				9EFE01622B00F75A00B450ED /* CryptoApp.swift */,
			);
			path = App;
			sourceTree = "<group>";
		};
		9EFE01712B00F7E200B450ED /* Core */ = {
			isa = PBXGroup;
			children = (
				9EFE01752B00F81D00B450ED /* Home */,
			);
			path = Core;
			sourceTree = "<group>";
		};
		9EFE01722B00F7E400B450ED /* Models */ = {
			isa = PBXGroup;
			children = (
			);
			path = Models;
			sourceTree = "<group>";
		};
		9EFE01732B00F7E500B450ED /* Extensions */ = {
			isa = PBXGroup;
			children = (
			);
			path = Extensions;
			sourceTree = "<group>";
		};
		9EFE01742B00F7E800B450ED /* Utils */ = {
			isa = PBXGroup;
			children = (
			);
			path = Utils;
			sourceTree = "<group>";
		};
		9EFE01752B00F81D00B450ED /* Home */ = {
			isa = PBXGroup;
			children = (
				9EFE01762B00F86D00B450ED /* Views */,
				9EFE01772B00F87500B450ED /* ViewModel */,
			);
			path = Home;
			sourceTree = "<group>";
		};
		9EFE01762B00F86D00B450ED /* Views */ = {
			isa = PBXGroup;
			children = (
				9EFE01782B00F89800B450ED /* HomeView.swift */,
				9EFE017B2B00F9A400B450ED /* TopMoversView.swift */,
				9EFE017D2B00F9B700B450ED /* TopMoversItemView.swift */,
				9EFE017F2B0100BB00B450ED /* CoinsView.swift */,
				9EFE01812B0100C900B450ED /* CoinCellView.swift */,
			);
			path = Views;
			sourceTree = "<group>";
		};
		9EFE01772B00F87500B450ED /* ViewModel */ = {
			isa = PBXGroup;
			children = (
				9EFE01832B0112A100B450ED /* HomeViewModel.swift */,
			);
			path = ViewModel;
			sourceTree = "<group>";
		};
/* End PBXGroup section */

/* Begin PBXNativeTarget section */
		9EFE015E2B00F75A00B450ED /* Crypto */ = {
			isa = PBXNativeTarget;
			buildConfigurationList = 9EFE016D2B00F75B00B450ED /* Build configuration list for PBXNativeTarget "Crypto" */;
			buildPhases = (
				9EFE015B2B00F75A00B450ED /* Sources */,
				9EFE015C2B00F75A00B450ED /* Frameworks */,
				9EFE015D2B00F75A00B450ED /* Resources */,
			);
			buildRules = (
			);
			dependencies = (
			);
			name = Crypto;
			productName = Crypto;
			productReference = 9EFE015F2B00F75A00B450ED /* Crypto.app */;
			productType = "com.apple.product-type.application";
		};
/* End PBXNativeTarget section */

/* Begin PBXProject section */
		9EFE01572B00F75A00B450ED /* Project object */ = {
			isa = PBXProject;
			attributes = {
				BuildIndependentTargetsInParallel = 1;
				LastSwiftUpdateCheck = 1500;
				LastUpgradeCheck = 1500;
				TargetAttributes = {
					9EFE015E2B00F75A00B450ED = {
						CreatedOnToolsVersion = 15.0.1;
					};
				};
			};
			buildConfigurationList = 9EFE015A2B00F75A00B450ED /* Build configuration list for PBXProject "Crypto" */;
			compatibilityVersion = "Xcode 14.0";
			developmentRegion = en;
			hasScannedForEncodings = 0;
			knownRegions = (
				en,
				Base,
			);
			mainGroup = 9EFE01562B00F75A00B450ED;
			productRefGroup = 9EFE01602B00F75A00B450ED /* Products */;
			projectDirPath = "";
			projectRoot = "";
			targets = (
				9EFE015E2B00F75A00B450ED /* Crypto */,
			);
		};
/* End PBXProject section */

/* Begin PBXResourcesBuildPhase section */
		9EFE015D2B00F75A00B450ED /* Resources */ = {
			isa = PBXResourcesBuildPhase;
			buildActionMask = 2147483647;
			files = (
				9EFE016A2B00F75B00B450ED /* Preview Assets.xcassets in Resources */,
				9EFE01672B00F75B00B450ED /* Assets.xcassets in Resources */,
			);
			runOnlyForDeploymentPostprocessing = 0;
		};
/* End PBXResourcesBuildPhase section */

/* Begin PBXSourcesBuildPhase section */
		9EFE015B2B00F75A00B450ED /* Sources */ = {
			isa = PBXSourcesBuildPhase;
			buildActionMask = 2147483647;
			files = (
				9EFE017C2B00F9A400B450ED /* TopMoversView.swift in Sources */,
				9EFE01792B00F89800B450ED /* HomeView.swift in Sources */,
				9EFE01652B00F75A00B450ED /* ContentView.swift in Sources */,
				9EFE01842B0112A100B450ED /* HomeViewModel.swift in Sources */,
				9EFE01632B00F75A00B450ED /* CryptoApp.swift in Sources */,
				9EFE01822B0100C900B450ED /* CoinCellView.swift in Sources */,
				9EFE017E2B00F9B700B450ED /* TopMoversItemView.swift in Sources */,
				9EFE01802B0100BB00B450ED /* CoinsView.swift in Sources */,
			);
			runOnlyForDeploymentPostprocessing = 0;
		};
/* End PBXSourcesBuildPhase section */

/* Begin XCBuildConfiguration section */
		9EFE016B2B00F75B00B450ED /* Debug */ = {
			isa = XCBuildConfiguration;
			buildSettings = {
				ALWAYS_SEARCH_USER_PATHS = NO;
				ASSETCATALOG_COMPILER_GENERATE_SWIFT_ASSET_SYMBOL_EXTENSIONS = YES;
				CLANG_ANALYZER_NONNULL = YES;
				CLANG_ANALYZER_NUMBER_OBJECT_CONVERSION = YES_AGGRESSIVE;
				CLANG_CXX_LANGUAGE_STANDARD = "gnu++20";
				CLANG_ENABLE_MODULES = YES;
				CLANG_ENABLE_OBJC_ARC = YES;
				CLANG_ENABLE_OBJC_WEAK = YES;
				CLANG_WARN_BLOCK_CAPTURE_AUTORELEASING = YES;
				CLANG_WARN_BOOL_CONVERSION = YES;
				CLANG_WARN_COMMA = YES;
				CLANG_WARN_CONSTANT_CONVERSION = YES;
				CLANG_WARN_DEPRECATED_OBJC_IMPLEMENTATIONS = YES;
				CLANG_WARN_DIRECT_OBJC_ISA_USAGE = YES_ERROR;
				CLANG_WARN_DOCUMENTATION_COMMENTS = YES;
				CLANG_WARN_EMPTY_BODY = YES;
				CLANG_WARN_ENUM_CONVERSION = YES;
				CLANG_WARN_INFINITE_RECURSION = YES;
				CLANG_WARN_INT_CONVERSION = YES;
				CLANG_WARN_NON_LITERAL_NULL_CONVERSION = YES;
				CLANG_WARN_OBJC_IMPLICIT_RETAIN_SELF = YES;
				CLANG_WARN_OBJC_LITERAL_CONVERSION = YES;
				CLANG_WARN_OBJC_ROOT_CLASS = YES_ERROR;
				CLANG_WARN_QUOTED_INCLUDE_IN_FRAMEWORK_HEADER = YES;
				CLANG_WARN_RANGE_LOOP_ANALYSIS = YES;
				CLANG_WARN_STRICT_PROTOTYPES = YES;
				CLANG_WARN_SUSPICIOUS_MOVE = YES;
				CLANG_WARN_UNGUARDED_AVAILABILITY = YES_AGGRESSIVE;
				CLANG_WARN_UNREACHABLE_CODE = YES;
				CLANG_WARN__DUPLICATE_METHOD_MATCH = YES;
				COPY_PHASE_STRIP = NO;
				DEBUG_INFORMATION_FORMAT = dwarf;
				ENABLE_STRICT_OBJC_MSGSEND = YES;
				ENABLE_TESTABILITY = YES;
				ENABLE_USER_SCRIPT_SANDBOXING = YES;
				GCC_C_LANGUAGE_STANDARD = gnu17;
				GCC_DYNAMIC_NO_PIC = NO;
				GCC_NO_COMMON_BLOCKS = YES;
				GCC_OPTIMIZATION_LEVEL = 0;
				GCC_PREPROCESSOR_DEFINITIONS = (
					"DEBUG=1",
					"$(inherited)",
				);
				GCC_WARN_64_TO_32_BIT_CONVERSION = YES;
				GCC_WARN_ABOUT_RETURN_TYPE = YES_ERROR;
				GCC_WARN_UNDECLARED_SELECTOR = YES;
				GCC_WARN_UNINITIALIZED_AUTOS = YES_AGGRESSIVE;
				GCC_WARN_UNUSED_FUNCTION = YES;
				GCC_WARN_UNUSED_VARIABLE = YES;
				IPHONEOS_DEPLOYMENT_TARGET = 17.0;
				LOCALIZATION_PREFERS_STRING_CATALOGS = YES;
				MTL_ENABLE_DEBUG_INFO = INCLUDE_SOURCE;
				MTL_FAST_MATH = YES;
				ONLY_ACTIVE_ARCH = YES;
				SDKROOT = iphoneos;
				SWIFT_ACTIVE_COMPILATION_CONDITIONS = "DEBUG $(inherited)";
				SWIFT_OPTIMIZATION_LEVEL = "-Onone";
			};
			name = Debug;
		};
		9EFE016C2B00F75B00B450ED /* Release */ = {
			isa = XCBuildConfiguration;
			buildSettings = {
				ALWAYS_SEARCH_USER_PATHS = NO;
				ASSETCATALOG_COMPILER_GENERATE_SWIFT_ASSET_SYMBOL_EXTENSIONS = YES;
				CLANG_ANALYZER_NONNULL = YES;
				CLANG_ANALYZER_NUMBER_OBJECT_CONVERSION = YES_AGGRESSIVE;
				CLANG_CXX_LANGUAGE_STANDARD = "gnu++20";
				CLANG_ENABLE_MODULES = YES;
				CLANG_ENABLE_OBJC_ARC = YES;
				CLANG_ENABLE_OBJC_WEAK = YES;
				CLANG_WARN_BLOCK_CAPTURE_AUTORELEASING = YES;
				CLANG_WARN_BOOL_CONVERSION = YES;
				CLANG_WARN_COMMA = YES;
				CLANG_WARN_CONSTANT_CONVERSION = YES;
				CLANG_WARN_DEPRECATED_OBJC_IMPLEMENTATIONS = YES;
				CLANG_WARN_DIRECT_OBJC_ISA_USAGE = YES_ERROR;
				CLANG_WARN_DOCUMENTATION_COMMENTS = YES;
				CLANG_WARN_EMPTY_BODY = YES;
				CLANG_WARN_ENUM_CONVERSION = YES;
				CLANG_WARN_INFINITE_RECURSION = YES;
				CLANG_WARN_INT_CONVERSION = YES;
				CLANG_WARN_NON_LITERAL_NULL_CONVERSION = YES;
				CLANG_WARN_OBJC_IMPLICIT_RETAIN_SELF = YES;
				CLANG_WARN_OBJC_LITERAL_CONVERSION = YES;
				CLANG_WARN_OBJC_ROOT_CLASS = YES_ERROR;
				CLANG_WARN_QUOTED_INCLUDE_IN_FRAMEWORK_HEADER = YES;
				CLANG_WARN_RANGE_LOOP_ANALYSIS = YES;
				CLANG_WARN_STRICT_PROTOTYPES = YES;
				CLANG_WARN_SUSPICIOUS_MOVE = YES;
				CLANG_WARN_UNGUARDED_AVAILABILITY = YES_AGGRESSIVE;
				CLANG_WARN_UNREACHABLE_CODE = YES;
				CLANG_WARN__DUPLICATE_METHOD_MATCH = YES;
				COPY_PHASE_STRIP = NO;
				DEBUG_INFORMATION_FORMAT = "dwarf-with-dsym";
				ENABLE_NS_ASSERTIONS = NO;
				ENABLE_STRICT_OBJC_MSGSEND = YES;
				ENABLE_USER_SCRIPT_SANDBOXING = YES;
				GCC_C_LANGUAGE_STANDARD = gnu17;
				GCC_NO_COMMON_BLOCKS = YES;
				GCC_WARN_64_TO_32_BIT_CONVERSION = YES;
				GCC_WARN_ABOUT_RETURN_TYPE = YES_ERROR;
				GCC_WARN_UNDECLARED_SELECTOR = YES;
				GCC_WARN_UNINITIALIZED_AUTOS = YES_AGGRESSIVE;
				GCC_WARN_UNUSED_FUNCTION = YES;
				GCC_WARN_UNUSED_VARIABLE = YES;
				IPHONEOS_DEPLOYMENT_TARGET = 17.0;
				LOCALIZATION_PREFERS_STRING_CATALOGS = YES;
				MTL_ENABLE_DEBUG_INFO = NO;
				MTL_FAST_MATH = YES;
				SDKROOT = iphoneos;
				SWIFT_COMPILATION_MODE = wholemodule;
				VALIDATE_PRODUCT = YES;
			};
			name = Release;
		};
		9EFE016E2B00F75B00B450ED /* Debug */ = {
			isa = XCBuildConfiguration;
			buildSettings = {
				ASSETCATALOG_COMPILER_APPICON_NAME = AppIcon;
				ASSETCATALOG_COMPILER_GLOBAL_ACCENT_COLOR_NAME = AccentColor;
				CODE_SIGN_STYLE = Automatic;
				CURRENT_PROJECT_VERSION = 1;
				DEVELOPMENT_ASSET_PATHS = "\"Crypto/Preview Content\"";
				DEVELOPMENT_TEAM = W24A4VSSJA;
				ENABLE_PREVIEWS = YES;
				GENERATE_INFOPLIST_FILE = YES;
				INFOPLIST_KEY_UIApplicationSceneManifest_Generation = YES;
				INFOPLIST_KEY_UIApplicationSupportsIndirectInputEvents = YES;
				INFOPLIST_KEY_UILaunchScreen_Generation = YES;
				INFOPLIST_KEY_UISupportedInterfaceOrientations_iPad = "UIInterfaceOrientationPortrait UIInterfaceOrientationPortraitUpsideDown UIInterfaceOrientationLandscapeLeft UIInterfaceOrientationLandscapeRight";
				INFOPLIST_KEY_UISupportedInterfaceOrientations_iPhone = "UIInterfaceOrientationPortrait UIInterfaceOrientationLandscapeLeft UIInterfaceOrientationLandscapeRight";
				LD_RUNPATH_SEARCH_PATHS = (
					"$(inherited)",
					"@executable_path/Frameworks",
				);
				MARKETING_VERSION = 1.0;
				PRODUCT_BUNDLE_IDENTIFIER = AppStuff.Crypto;
				PRODUCT_NAME = "$(TARGET_NAME)";
				SWIFT_EMIT_LOC_STRINGS = YES;
				SWIFT_VERSION = 5.0;
				TARGETED_DEVICE_FAMILY = "1,2";
			};
			name = Debug;
		};
		9EFE016F2B00F75B00B450ED /* Release */ = {
			isa = XCBuildConfiguration;
			buildSettings = {
				ASSETCATALOG_COMPILER_APPICON_NAME = AppIcon;
				ASSETCATALOG_COMPILER_GLOBAL_ACCENT_COLOR_NAME = AccentColor;
				CODE_SIGN_STYLE = Automatic;
				CURRENT_PROJECT_VERSION = 1;
				DEVELOPMENT_ASSET_PATHS = "\"Crypto/Preview Content\"";
				DEVELOPMENT_TEAM = W24A4VSSJA;
				ENABLE_PREVIEWS = YES;
				GENERATE_INFOPLIST_FILE = YES;
				INFOPLIST_KEY_UIApplicationSceneManifest_Generation = YES;
				INFOPLIST_KEY_UIApplicationSupportsIndirectInputEvents = YES;
				INFOPLIST_KEY_UILaunchScreen_Generation = YES;
				INFOPLIST_KEY_UISupportedInterfaceOrientations_iPad = "UIInterfaceOrientationPortrait UIInterfaceOrientationPortraitUpsideDown UIInterfaceOrientationLandscapeLeft UIInterfaceOrientationLandscapeRight";
				INFOPLIST_KEY_UISupportedInterfaceOrientations_iPhone = "UIInterfaceOrientationPortrait UIInterfaceOrientationLandscapeLeft UIInterfaceOrientationLandscapeRight";
				LD_RUNPATH_SEARCH_PATHS = (
					"$(inherited)",
					"@executable_path/Frameworks",
				);
				MARKETING_VERSION = 1.0;
				PRODUCT_BUNDLE_IDENTIFIER = AppStuff.Crypto;
				PRODUCT_NAME = "$(TARGET_NAME)";
				SWIFT_EMIT_LOC_STRINGS = YES;
				SWIFT_VERSION = 5.0;
				TARGETED_DEVICE_FAMILY = "1,2";
			};
			name = Release;
		};
/* End XCBuildConfiguration section */

/* Begin XCConfigurationList section */
		9EFE015A2B00F75A00B450ED /* Build configuration list for PBXProject "Crypto" */ = {
			isa = XCConfigurationList;
			buildConfigurations = (
				9EFE016B2B00F75B00B450ED /* Debug */,
				9EFE016C2B00F75B00B450ED /* Release */,
			);
			defaultConfigurationIsVisible = 0;
			defaultConfigurationName = Release;
		};
		9EFE016D2B00F75B00B450ED /* Build configuration list for PBXNativeTarget "Crypto" */ = {
			isa = XCConfigurationList;
			buildConfigurations = (
				9EFE016E2B00F75B00B450ED /* Debug */,
				9EFE016F2B00F75B00B450ED /* Release */,
			);
			defaultConfigurationIsVisible = 0;
			defaultConfigurationName = Release;
		};
/* End XCConfigurationList section */
	};
	rootObject = 9EFE01572B00F75A00B450ED /* Project object */;
}
